
Microsoft Visual Studio Solution File, Format Version 12.00
# Visual Studio Version 17
VisualStudioVersion = 17.0.31903.59
MinimumVisualStudioVersion = 10.0.40219.1
Project("{FAE04EC0-301F-11D3-BF4B-00C04F79EFBC}") = "GymBro.Core", "GymBro.Core\GymBro.Core.csproj", "{7766815B-5E29-4D98-A783-EE8C02D30F5D}"
EndProject
Project("{FAE04EC0-301F-11D3-BF4B-00C04F79EFBC}") = "GymBro.Infrastructure", "GymBro.Infrastructure\GymBro.Infrastructure.csproj", "{2E312C00-80B5-46E3-A19C-84ED237EEF2C}"
EndProject
Project("{FAE04EC0-301F-11D3-BF4B-00C04F79EFBC}") = "GymBro.Identity.API", "GymBro.Identity.API\GymBro.Identity.API.csproj", "{BBC21AB5-E4EB-4622-880D-A5BC0589DC71}"
	ProjectSection(ProjectDependencies) = postProject
		{8D349679-C0E6-4B4E-8AA7-CF59BD3A85BA} = {8D349679-C0E6-4B4E-8AA7-CF59BD3A85BA}
	EndProjectSection
EndProject
Project("{FAE04EC0-301F-11D3-BF4B-00C04F79EFBC}") = "GymBro.Product.API", "GymBro.Product.API\GymBro.Product.API.csproj", "{75EF6BD6-B61C-4D5B-9BC2-7D168C3A43A4}"
	ProjectSection(ProjectDependencies) = postProject
		{8A5BF3D4-AB43-4584-9D46-C7B7575A5056} = {8A5BF3D4-AB43-4584-9D46-C7B7575A5056}
		{8D349679-C0E6-4B4E-8AA7-CF59BD3A85BA} = {8D349679-C0E6-4B4E-8AA7-CF59BD3A85BA}
	EndProjectSection
EndProject
Project("{FAE04EC0-301F-11D3-BF4B-00C04F79EFBC}") = "GymBro.Order.API", "GymBro.Order.API\GymBro.Order.API.csproj", "{E0965B71-610A-4312-B5EC-4A78E34E204C}"
	ProjectSection(ProjectDependencies) = postProject
		{8D349679-C0E6-4B4E-8AA7-CF59BD3A85BA} = {8D349679-C0E6-4B4E-8AA7-CF59BD3A85BA}
	EndProjectSection
EndProject
Project("{FAE04EC0-301F-11D3-BF4B-00C04F79EFBC}") = "GymBro.Contracts", "GymBro.Contracts\GymBro.Contracts.csproj", "{8D349679-C0E6-4B4E-8AA7-CF59BD3A85BA}"
EndProject
Project("{FAE04EC0-301F-11D3-BF4B-00C04F79EFBC}") = "GymBro.Service", "GymBro.Service\GymBro.Service.csproj", "{8A5BF3D4-AB43-4584-9D46-C7B7575A5056}"
	ProjectSection(ProjectDependencies) = postProject
		{2E312C00-80B5-46E3-A19C-84ED237EEF2C} = {2E312C00-80B5-46E3-A19C-84ED237EEF2C}
		{8D349679-C0E6-4B4E-8AA7-CF59BD3A85BA} = {8D349679-C0E6-4B4E-8AA7-CF59BD3A85BA}
	EndProjectSection
EndProject
Project("{FAE04EC0-301F-11D3-BF4B-00C04F79EFBC}") = "GymBro.Web", "GymBro.Web\GymBro.Web.csproj", "{E56423F4-ADB0-7934-F946-5850667B1A74}"
EndProject
Project("{FAE04EC0-301F-11D3-BF4B-00C04F79EFBC}") = "GymBro.Gateway", "GymBro.Gateway\GymBro.Gateway.csproj", "{2AF5431C-FF38-8781-CE11-7D06F914E104}"
EndProject
Project("{2150E333-8FDC-42A3-9474-1A3956D46DE8}") = "Solution Items", "Solution Items", "{8EC462FD-D22E-90A8-E5CE-7E832BA40C5D}"
	ProjectSection(SolutionItems) = preProject
		docker-compose.yml = docker-compose.yml
	EndProjectSection
EndProject
Global
	GlobalSection(SolutionConfigurationPlatforms) = preSolution
		Debug|Any CPU = Debug|Any CPU
		Debug|x64 = Debug|x64
		Debug|x86 = Debug|x86
		Release|Any CPU = Release|Any CPU
		Release|x64 = Release|x64
		Release|x86 = Release|x86
	EndGlobalSection
	GlobalSection(ProjectConfigurationPlatforms) = postSolution
		{7766815B-5E29-4D98-A783-EE8C02D30F5D}.Debug|Any CPU.ActiveCfg = Debug|Any CPU
		{7766815B-5E29-4D98-A783-EE8C02D30F5D}.Debug|Any CPU.Build.0 = Debug|Any CPU
		{7766815B-5E29-4D98-A783-EE8C02D30F5D}.Debug|x64.ActiveCfg = Debug|Any CPU
		{7766815B-5E29-4D98-A783-EE8C02D30F5D}.Debug|x64.Build.0 = Debug|Any CPU
		{7766815B-5E29-4D98-A783-EE8C02D30F5D}.Debug|x86.ActiveCfg = Debug|Any CPU
		{7766815B-5E29-4D98-A783-EE8C02D30F5D}.Debug|x86.Build.0 = Debug|Any CPU
		{7766815B-5E29-4D98-A783-EE8C02D30F5D}.Release|Any CPU.ActiveCfg = Release|Any CPU
		{7766815B-5E29-4D98-A783-EE8C02D30F5D}.Release|Any CPU.Build.0 = Release|Any CPU
		{7766815B-5E29-4D98-A783-EE8C02D30F5D}.Release|x64.ActiveCfg = Release|Any CPU
		{7766815B-5E29-4D98-A783-EE8C02D30F5D}.Release|x64.Build.0 = Release|Any CPU
		{7766815B-5E29-4D98-A783-EE8C02D30F5D}.Release|x86.ActiveCfg = Release|Any CPU
		{7766815B-5E29-4D98-A783-EE8C02D30F5D}.Release|x86.Build.0 = Release|Any CPU
		{2E312C00-80B5-46E3-A19C-84ED237EEF2C}.Debug|Any CPU.ActiveCfg = Debug|Any CPU
		{2E312C00-80B5-46E3-A19C-84ED237EEF2C}.Debug|Any CPU.Build.0 = Debug|Any CPU
		{2E312C00-80B5-46E3-A19C-84ED237EEF2C}.Debug|x64.ActiveCfg = Debug|Any CPU
		{2E312C00-80B5-46E3-A19C-84ED237EEF2C}.Debug|x64.Build.0 = Debug|Any CPU
		{2E312C00-80B5-46E3-A19C-84ED237EEF2C}.Debug|x86.ActiveCfg = Debug|Any CPU
		{2E312C00-80B5-46E3-A19C-84ED237EEF2C}.Debug|x86.Build.0 = Debug|Any CPU
		{2E312C00-80B5-46E3-A19C-84ED237EEF2C}.Release|Any CPU.ActiveCfg = Release|Any CPU
		{2E312C00-80B5-46E3-A19C-84ED237EEF2C}.Release|Any CPU.Build.0 = Release|Any CPU
		{2E312C00-80B5-46E3-A19C-84ED237EEF2C}.Release|x64.ActiveCfg = Release|Any CPU
		{2E312C00-80B5-46E3-A19C-84ED237EEF2C}.Release|x64.Build.0 = Release|Any CPU
		{2E312C00-80B5-46E3-A19C-84ED237EEF2C}.Release|x86.ActiveCfg = Release|Any CPU
		{2E312C00-80B5-46E3-A19C-84ED237EEF2C}.Release|x86.Build.0 = Release|Any CPU
		{BBC21AB5-E4EB-4622-880D-A5BC0589DC71}.Debug|Any CPU.ActiveCfg = Debug|Any CPU
		{BBC21AB5-E4EB-4622-880D-A5BC0589DC71}.Debug|Any CPU.Build.0 = Debug|Any CPU
		{BBC21AB5-E4EB-4622-880D-A5BC0589DC71}.Debug|x64.ActiveCfg = Debug|Any CPU
		{BBC21AB5-E4EB-4622-880D-A5BC0589DC71}.Debug|x64.Build.0 = Debug|Any CPU
		{BBC21AB5-E4EB-4622-880D-A5BC0589DC71}.Debug|x86.ActiveCfg = Debug|Any CPU
		{BBC21AB5-E4EB-4622-880D-A5BC0589DC71}.Debug|x86.Build.0 = Debug|Any CPU
		{BBC21AB5-E4EB-4622-880D-A5BC0589DC71}.Release|Any CPU.ActiveCfg = Release|Any CPU
		{BBC21AB5-E4EB-4622-880D-A5BC0589DC71}.Release|Any CPU.Build.0 = Release|Any CPU
		{BBC21AB5-E4EB-4622-880D-A5BC0589DC71}.Release|x64.ActiveCfg = Release|Any CPU
		{BBC21AB5-E4EB-4622-880D-A5BC0589DC71}.Release|x64.Build.0 = Release|Any CPU
		{BBC21AB5-E4EB-4622-880D-A5BC0589DC71}.Release|x86.ActiveCfg = Release|Any CPU
		{BBC21AB5-E4EB-4622-880D-A5BC0589DC71}.Release|x86.Build.0 = Release|Any CPU
		{75EF6BD6-B61C-4D5B-9BC2-7D168C3A43A4}.Debug|Any CPU.ActiveCfg = Debug|Any CPU
		{75EF6BD6-B61C-4D5B-9BC2-7D168C3A43A4}.Debug|Any CPU.Build.0 = Debug|Any CPU
		{75EF6BD6-B61C-4D5B-9BC2-7D168C3A43A4}.Debug|x64.ActiveCfg = Debug|Any CPU
		{75EF6BD6-B61C-4D5B-9BC2-7D168C3A43A4}.Debug|x64.Build.0 = Debug|Any CPU
		{75EF6BD6-B61C-4D5B-9BC2-7D168C3A43A4}.Debug|x86.ActiveCfg = Debug|Any CPU
		{75EF6BD6-B61C-4D5B-9BC2-7D168C3A43A4}.Debug|x86.Build.0 = Debug|Any CPU
		{75EF6BD6-B61C-4D5B-9BC2-7D168C3A43A4}.Release|Any CPU.ActiveCfg = Release|Any CPU
		{75EF6BD6-B61C-4D5B-9BC2-7D168C3A43A4}.Release|Any CPU.Build.0 = Release|Any CPU
		{75EF6BD6-B61C-4D5B-9BC2-7D168C3A43A4}.Release|x64.ActiveCfg = Release|Any CPU
		{75EF6BD6-B61C-4D5B-9BC2-7D168C3A43A4}.Release|x64.Build.0 = Release|Any CPU
		{75EF6BD6-B61C-4D5B-9BC2-7D168C3A43A4}.Release|x86.ActiveCfg = Release|Any CPU
		{75EF6BD6-B61C-4D5B-9BC2-7D168C3A43A4}.Release|x86.Build.0 = Release|Any CPU
		{E0965B71-610A-4312-B5EC-4A78E34E204C}.Debug|Any CPU.ActiveCfg = Debug|Any CPU
		{E0965B71-610A-4312-B5EC-4A78E34E204C}.Debug|Any CPU.Build.0 = Debug|Any CPU
		{E0965B71-610A-4312-B5EC-4A78E34E204C}.Debug|x64.ActiveCfg = Debug|Any CPU
		{E0965B71-610A-4312-B5EC-4A78E34E204C}.Debug|x64.Build.0 = Debug|Any CPU
		{E0965B71-610A-4312-B5EC-4A78E34E204C}.Debug|x86.ActiveCfg = Debug|Any CPU
		{E0965B71-610A-4312-B5EC-4A78E34E204C}.Debug|x86.Build.0 = Debug|Any CPU
		{E0965B71-610A-4312-B5EC-4A78E34E204C}.Release|Any CPU.ActiveCfg = Release|Any CPU
		{E0965B71-610A-4312-B5EC-4A78E34E204C}.Release|Any CPU.Build.0 = Release|Any CPU
		{E0965B71-610A-4312-B5EC-4A78E34E204C}.Release|x64.ActiveCfg = Release|Any CPU
		{E0965B71-610A-4312-B5EC-4A78E34E204C}.Release|x64.Build.0 = Release|Any CPU
		{E0965B71-610A-4312-B5EC-4A78E34E204C}.Release|x86.ActiveCfg = Release|Any CPU
		{E0965B71-610A-4312-B5EC-4A78E34E204C}.Release|x86.Build.0 = Release|Any CPU
		{8D349679-C0E6-4B4E-8AA7-CF59BD3A85BA}.Debug|Any CPU.ActiveCfg = Debug|Any CPU
		{8D349679-C0E6-4B4E-8AA7-CF59BD3A85BA}.Debug|Any CPU.Build.0 = Debug|Any CPU
		{8D349679-C0E6-4B4E-8AA7-CF59BD3A85BA}.Debug|x64.ActiveCfg = Debug|Any CPU
		{8D349679-C0E6-4B4E-8AA7-CF59BD3A85BA}.Debug|x64.Build.0 = Debug|Any CPU
		{8D349679-C0E6-4B4E-8AA7-CF59BD3A85BA}.Debug|x86.ActiveCfg = Debug|Any CPU
		{8D349679-C0E6-4B4E-8AA7-CF59BD3A85BA}.Debug|x86.Build.0 = Debug|Any CPU
		{8D349679-C0E6-4B4E-8AA7-CF59BD3A85BA}.Release|Any CPU.ActiveCfg = Release|Any CPU
		{8D349679-C0E6-4B4E-8AA7-CF59BD3A85BA}.Release|Any CPU.Build.0 = Release|Any CPU
		{8D349679-C0E6-4B4E-8AA7-CF59BD3A85BA}.Release|x64.ActiveCfg = Release|Any CPU
		{8D349679-C0E6-4B4E-8AA7-CF59BD3A85BA}.Release|x64.Build.0 = Release|Any CPU
		{8D349679-C0E6-4B4E-8AA7-CF59BD3A85BA}.Release|x86.ActiveCfg = Release|Any CPU
		{8D349679-C0E6-4B4E-8AA7-CF59BD3A85BA}.Release|x86.Build.0 = Release|Any CPU
		{8A5BF3D4-AB43-4584-9D46-C7B7575A5056}.Debug|Any CPU.ActiveCfg = Debug|Any CPU
		{8A5BF3D4-AB43-4584-9D46-C7B7575A5056}.Debug|Any CPU.Build.0 = Debug|Any CPU
		{8A5BF3D4-AB43-4584-9D46-C7B7575A5056}.Debug|x64.ActiveCfg = Debug|Any CPU
		{8A5BF3D4-AB43-4584-9D46-C7B7575A5056}.Debug|x64.Build.0 = Debug|Any CPU
		{8A5BF3D4-AB43-4584-9D46-C7B7575A5056}.Debug|x86.ActiveCfg = Debug|Any CPU
		{8A5BF3D4-AB43-4584-9D46-C7B7575A5056}.Debug|x86.Build.0 = Debug|Any CPU
		{8A5BF3D4-AB43-4584-9D46-C7B7575A5056}.Release|Any CPU.ActiveCfg = Release|Any CPU
		{8A5BF3D4-AB43-4584-9D46-C7B7575A5056}.Release|Any CPU.Build.0 = Release|Any CPU
		{8A5BF3D4-AB43-4584-9D46-C7B7575A5056}.Release|x64.ActiveCfg = Release|Any CPU
		{8A5BF3D4-AB43-4584-9D46-C7B7575A5056}.Release|x64.Build.0 = Release|Any CPU
		{8A5BF3D4-AB43-4584-9D46-C7B7575A5056}.Release|x86.ActiveCfg = Release|Any CPU
		{8A5BF3D4-AB43-4584-9D46-C7B7575A5056}.Release|x86.Build.0 = Release|Any CPU
		{E56423F4-ADB0-7934-F946-5850667B1A74}.Debug|Any CPU.ActiveCfg = Debug|Any CPU
		{E56423F4-ADB0-7934-F946-5850667B1A74}.Debug|Any CPU.Build.0 = Debug|Any CPU
		{E56423F4-ADB0-7934-F946-5850667B1A74}.Debug|x64.ActiveCfg = Debug|Any CPU
		{E56423F4-ADB0-7934-F946-5850667B1A74}.Debug|x64.Build.0 = Debug|Any CPU
		{E56423F4-ADB0-7934-F946-5850667B1A74}.Debug|x86.ActiveCfg = Debug|Any CPU
		{E56423F4-ADB0-7934-F946-5850667B1A74}.Debug|x86.Build.0 = Debug|Any CPU
		{E56423F4-ADB0-7934-F946-5850667B1A74}.Release|Any CPU.ActiveCfg = Release|Any CPU
		{E56423F4-ADB0-7934-F946-5850667B1A74}.Release|Any CPU.Build.0 = Release|Any CPU
		{E56423F4-ADB0-7934-F946-5850667B1A74}.Release|x64.ActiveCfg = Release|Any CPU
		{E56423F4-ADB0-7934-F946-5850667B1A74}.Release|x64.Build.0 = Release|Any CPU
		{E56423F4-ADB0-7934-F946-5850667B1A74}.Release|x86.ActiveCfg = Release|Any CPU
		{E56423F4-ADB0-7934-F946-5850667B1A74}.Release|x86.Build.0 = Release|Any CPU
		{2AF5431C-FF38-8781-CE11-7D06F914E104}.Debug|Any CPU.ActiveCfg = Debug|Any CPU
		{2AF5431C-FF38-8781-CE11-7D06F914E104}.Debug|Any CPU.Build.0 = Debug|Any CPU
		{2AF5431C-FF38-8781-CE11-7D06F914E104}.Debug|x64.ActiveCfg = Debug|Any CPU
		{2AF5431C-FF38-8781-CE11-7D06F914E104}.Debug|x64.Build.0 = Debug|Any CPU
		{2AF5431C-FF38-8781-CE11-7D06F914E104}.Debug|x86.ActiveCfg = Debug|Any CPU
		{2AF5431C-FF38-8781-CE11-7D06F914E104}.Debug|x86.Build.0 = Debug|Any CPU
		{2AF5431C-FF38-8781-CE11-7D06F914E104}.Release|Any CPU.ActiveCfg = Release|Any CPU
		{2AF5431C-FF38-8781-CE11-7D06F914E104}.Release|Any CPU.Build.0 = Release|Any CPU
		{2AF5431C-FF38-8781-CE11-7D06F914E104}.Release|x64.ActiveCfg = Release|Any CPU
		{2AF5431C-FF38-8781-CE11-7D06F914E104}.Release|x64.Build.0 = Release|Any CPU
		{2AF5431C-FF38-8781-CE11-7D06F914E104}.Release|x86.ActiveCfg = Release|Any CPU
		{2AF5431C-FF38-8781-CE11-7D06F914E104}.Release|x86.Build.0 = Release|Any CPU
	EndGlobalSection
	GlobalSection(SolutionProperties) = preSolution
		HideSolutionNode = FALSE
	EndGlobalSection
	GlobalSection(ExtensibilityGlobals) = postSolution
		SolutionGuid = {B2A4F66A-BD4A-4134-9A93-15C95B87ECFF}
	EndGlobalSection
EndGlobal
